
Microsoft Visual Studio Solution File, Format Version 12.00
# Visual Studio 15
VisualStudioVersion = 15.0.26730.12
MinimumVisualStudioVersion = 10.0.40219.1
Project("{FAE04EC0-301F-11D3-BF4B-00C04F79EFBC}") = "KGVC.Android", "KGVC\KGVC.Android\KGVC.Android.csproj", "{1A16F86E-69A5-48C7-8F80-0417F9728126}"
EndProject
Project("{FAE04EC0-301F-11D3-BF4B-00C04F79EFBC}") = "KGVC", "KGVC\KGVC\KGVC.csproj", "{783026EE-9C81-43C6-91E2-F5051D5BCBB9}"
EndProject
Project("{FAE04EC0-301F-11D3-BF4B-00C04F79EFBC}") = "KGVC.UWP", "KGVC\KGVC.UWP\KGVC.UWP.csproj", "{829E3673-B690-4D71-8DD7-714626B341A6}"
EndProject
Project("{FAE04EC0-301F-11D3-BF4B-00C04F79EFBC}") = "KGVC.iOS", "KGVC\KGVC.iOS\KGVC.iOS.csproj", "{C09D533A-E969-4EB5-A7D8-B9ED2F83CC1E}"
EndProject
Global
	GlobalSection(SolutionConfigurationPlatforms) = preSolution
		Ad-Hoc|Any CPU = Ad-Hoc|Any CPU
		Ad-Hoc|ARM = Ad-Hoc|ARM
		Ad-Hoc|iPhone = Ad-Hoc|iPhone
		Ad-Hoc|iPhoneSimulator = Ad-Hoc|iPhoneSimulator
		Ad-Hoc|x64 = Ad-Hoc|x64
		Ad-Hoc|x86 = Ad-Hoc|x86
		AppStore|Any CPU = AppStore|Any CPU
		AppStore|ARM = AppStore|ARM
		AppStore|iPhone = AppStore|iPhone
		AppStore|iPhoneSimulator = AppStore|iPhoneSimulator
		AppStore|x64 = AppStore|x64
		AppStore|x86 = AppStore|x86
		Debug|Any CPU = Debug|Any CPU
		Debug|ARM = Debug|ARM
		Debug|iPhone = Debug|iPhone
		Debug|iPhoneSimulator = Debug|iPhoneSimulator
		Debug|x64 = Debug|x64
		Debug|x86 = Debug|x86
		Release|Any CPU = Release|Any CPU
		Release|ARM = Release|ARM
		Release|iPhone = Release|iPhone
		Release|iPhoneSimulator = Release|iPhoneSimulator
		Release|x64 = Release|x64
		Release|x86 = Release|x86
	EndGlobalSection
	GlobalSection(ProjectConfigurationPlatforms) = postSolution
		{1A16F86E-69A5-48C7-8F80-0417F9728126}.Ad-Hoc|Any CPU.ActiveCfg = Release|Any CPU
		{1A16F86E-69A5-48C7-8F80-0417F9728126}.Ad-Hoc|Any CPU.Build.0 = Release|Any CPU
		{1A16F86E-69A5-48C7-8F80-0417F9728126}.Ad-Hoc|Any CPU.Deploy.0 = Release|Any CPU
		{1A16F86E-69A5-48C7-8F80-0417F9728126}.Ad-Hoc|ARM.ActiveCfg = Release|Any CPU
		{1A16F86E-69A5-48C7-8F80-0417F9728126}.Ad-Hoc|ARM.Build.0 = Release|Any CPU
		{1A16F86E-69A5-48C7-8F80-0417F9728126}.Ad-Hoc|ARM.Deploy.0 = Release|Any CPU
		{1A16F86E-69A5-48C7-8F80-0417F9728126}.Ad-Hoc|iPhone.ActiveCfg = Release|Any CPU
		{1A16F86E-69A5-48C7-8F80-0417F9728126}.Ad-Hoc|iPhone.Build.0 = Release|Any CPU
		{1A16F86E-69A5-48C7-8F80-0417F9728126}.Ad-Hoc|iPhone.Deploy.0 = Release|Any CPU
		{1A16F86E-69A5-48C7-8F80-0417F9728126}.Ad-Hoc|iPhoneSimulator.ActiveCfg = Release|Any CPU
		{1A16F86E-69A5-48C7-8F80-0417F9728126}.Ad-Hoc|iPhoneSimulator.Build.0 = Release|Any CPU
		{1A16F86E-69A5-48C7-8F80-0417F9728126}.Ad-Hoc|iPhoneSimulator.Deploy.0 = Release|Any CPU
		{1A16F86E-69A5-48C7-8F80-0417F9728126}.Ad-Hoc|x64.ActiveCfg = Release|Any CPU
		{1A16F86E-69A5-48C7-8F80-0417F9728126}.Ad-Hoc|x64.Build.0 = Release|Any CPU
		{1A16F86E-69A5-48C7-8F80-0417F9728126}.Ad-Hoc|x64.Deploy.0 = Release|Any CPU
		{1A16F86E-69A5-48C7-8F80-0417F9728126}.Ad-Hoc|x86.ActiveCfg = Release|Any CPU
		{1A16F86E-69A5-48C7-8F80-0417F9728126}.Ad-Hoc|x86.Build.0 = Release|Any CPU
		{1A16F86E-69A5-48C7-8F80-0417F9728126}.Ad-Hoc|x86.Deploy.0 = Release|Any CPU
		{1A16F86E-69A5-48C7-8F80-0417F9728126}.AppStore|Any CPU.ActiveCfg = Release|Any CPU
		{1A16F86E-69A5-48C7-8F80-0417F9728126}.AppStore|Any CPU.Build.0 = Release|Any CPU
		{1A16F86E-69A5-48C7-8F80-0417F9728126}.AppStore|Any CPU.Deploy.0 = Release|Any CPU
		{1A16F86E-69A5-48C7-8F80-0417F9728126}.AppStore|ARM.ActiveCfg = Release|Any CPU
		{1A16F86E-69A5-48C7-8F80-0417F9728126}.AppStore|ARM.Build.0 = Release|Any CPU
		{1A16F86E-69A5-48C7-8F80-0417F9728126}.AppStore|ARM.Deploy.0 = Release|Any CPU
		{1A16F86E-69A5-48C7-8F80-0417F9728126}.AppStore|iPhone.ActiveCfg = Release|Any CPU
		{1A16F86E-69A5-48C7-8F80-0417F9728126}.AppStore|iPhone.Build.0 = Release|Any CPU
		{1A16F86E-69A5-48C7-8F80-0417F9728126}.AppStore|iPhone.Deploy.0 = Release|Any CPU
		{1A16F86E-69A5-48C7-8F80-0417F9728126}.AppStore|iPhoneSimulator.ActiveCfg = Release|Any CPU
		{1A16F86E-69A5-48C7-8F80-0417F9728126}.AppStore|iPhoneSimulator.Build.0 = Release|Any CPU
		{1A16F86E-69A5-48C7-8F80-0417F9728126}.AppStore|iPhoneSimulator.Deploy.0 = Release|Any CPU
		{1A16F86E-69A5-48C7-8F80-0417F9728126}.AppStore|x64.ActiveCfg = Release|Any CPU
		{1A16F86E-69A5-48C7-8F80-0417F9728126}.AppStore|x64.Build.0 = Release|Any CPU
		{1A16F86E-69A5-48C7-8F80-0417F9728126}.AppStore|x64.Deploy.0 = Release|Any CPU
		{1A16F86E-69A5-48C7-8F80-0417F9728126}.AppStore|x86.ActiveCfg = Release|Any CPU
		{1A16F86E-69A5-48C7-8F80-0417F9728126}.AppStore|x86.Build.0 = Release|Any CPU
		{1A16F86E-69A5-48C7-8F80-0417F9728126}.AppStore|x86.Deploy.0 = Release|Any CPU
		{1A16F86E-69A5-48C7-8F80-0417F9728126}.Debug|Any CPU.ActiveCfg = Debug|Any CPU
		{1A16F86E-69A5-48C7-8F80-0417F9728126}.Debug|Any CPU.Build.0 = Debug|Any CPU
		{1A16F86E-69A5-48C7-8F80-0417F9728126}.Debug|Any CPU.Deploy.0 = Debug|Any CPU
		{1A16F86E-69A5-48C7-8F80-0417F9728126}.Debug|ARM.ActiveCfg = Debug|Any CPU
		{1A16F86E-69A5-48C7-8F80-0417F9728126}.Debug|ARM.Build.0 = Debug|Any CPU
		{1A16F86E-69A5-48C7-8F80-0417F9728126}.Debug|ARM.Deploy.0 = Debug|Any CPU
		{1A16F86E-69A5-48C7-8F80-0417F9728126}.Debug|iPhone.ActiveCfg = Debug|Any CPU
		{1A16F86E-69A5-48C7-8F80-0417F9728126}.Debug|iPhone.Build.0 = Debug|Any CPU
		{1A16F86E-69A5-48C7-8F80-0417F9728126}.Debug|iPhone.Deploy.0 = Debug|Any CPU
		{1A16F86E-69A5-48C7-8F80-0417F9728126}.Debug|iPhoneSimulator.ActiveCfg = Debug|Any CPU
		{1A16F86E-69A5-48C7-8F80-0417F9728126}.Debug|iPhoneSimulator.Build.0 = Debug|Any CPU
		{1A16F86E-69A5-48C7-8F80-0417F9728126}.Debug|iPhoneSimulator.Deploy.0 = Debug|Any CPU
		{1A16F86E-69A5-48C7-8F80-0417F9728126}.Debug|x64.ActiveCfg = Debug|Any CPU
		{1A16F86E-69A5-48C7-8F80-0417F9728126}.Debug|x64.Build.0 = Debug|Any CPU
		{1A16F86E-69A5-48C7-8F80-0417F9728126}.Debug|x64.Deploy.0 = Debug|Any CPU
		{1A16F86E-69A5-48C7-8F80-0417F9728126}.Debug|x86.ActiveCfg = Debug|Any CPU
		{1A16F86E-69A5-48C7-8F80-0417F9728126}.Debug|x86.Build.0 = Debug|Any CPU
		{1A16F86E-69A5-48C7-8F80-0417F9728126}.Debug|x86.Deploy.0 = Debug|Any CPU
		{1A16F86E-69A5-48C7-8F80-0417F9728126}.Release|Any CPU.ActiveCfg = Release|Any CPU
		{1A16F86E-69A5-48C7-8F80-0417F9728126}.Release|Any CPU.Build.0 = Release|Any CPU
		{1A16F86E-69A5-48C7-8F80-0417F9728126}.Release|Any CPU.Deploy.0 = Release|Any CPU
		{1A16F86E-69A5-48C7-8F80-0417F9728126}.Release|ARM.ActiveCfg = Release|Any CPU
		{1A16F86E-69A5-48C7-8F80-0417F9728126}.Release|ARM.Build.0 = Release|Any CPU
		{1A16F86E-69A5-48C7-8F80-0417F9728126}.Release|ARM.Deploy.0 = Release|Any CPU
		{1A16F86E-69A5-48C7-8F80-0417F9728126}.Release|iPhone.ActiveCfg = Release|Any CPU
		{1A16F86E-69A5-48C7-8F80-0417F9728126}.Release|iPhone.Build.0 = Release|Any CPU
		{1A16F86E-69A5-48C7-8F80-0417F9728126}.Release|iPhone.Deploy.0 = Release|Any CPU
		{1A16F86E-69A5-48C7-8F80-0417F9728126}.Release|iPhoneSimulator.ActiveCfg = Release|Any CPU
		{1A16F86E-69A5-48C7-8F80-0417F9728126}.Release|iPhoneSimulator.Build.0 = Release|Any CPU
		{1A16F86E-69A5-48C7-8F80-0417F9728126}.Release|iPhoneSimulator.Deploy.0 = Release|Any CPU
		{1A16F86E-69A5-48C7-8F80-0417F9728126}.Release|x64.ActiveCfg = Release|Any CPU
		{1A16F86E-69A5-48C7-8F80-0417F9728126}.Release|x64.Build.0 = Release|Any CPU
		{1A16F86E-69A5-48C7-8F80-0417F9728126}.Release|x64.Deploy.0 = Release|Any CPU
		{1A16F86E-69A5-48C7-8F80-0417F9728126}.Release|x86.ActiveCfg = Release|Any CPU
		{1A16F86E-69A5-48C7-8F80-0417F9728126}.Release|x86.Build.0 = Release|Any CPU
		{1A16F86E-69A5-48C7-8F80-0417F9728126}.Release|x86.Deploy.0 = Release|Any CPU
		{783026EE-9C81-43C6-91E2-F5051D5BCBB9}.Ad-Hoc|Any CPU.ActiveCfg = Release|Any CPU
		{783026EE-9C81-43C6-91E2-F5051D5BCBB9}.Ad-Hoc|Any CPU.Build.0 = Release|Any CPU
		{783026EE-9C81-43C6-91E2-F5051D5BCBB9}.Ad-Hoc|ARM.ActiveCfg = Release|Any CPU
		{783026EE-9C81-43C6-91E2-F5051D5BCBB9}.Ad-Hoc|ARM.Build.0 = Release|Any CPU
		{783026EE-9C81-43C6-91E2-F5051D5BCBB9}.Ad-Hoc|iPhone.ActiveCfg = Release|Any CPU
		{783026EE-9C81-43C6-91E2-F5051D5BCBB9}.Ad-Hoc|iPhone.Build.0 = Release|Any CPU
		{783026EE-9C81-43C6-91E2-F5051D5BCBB9}.Ad-Hoc|iPhoneSimulator.ActiveCfg = Release|Any CPU
		{783026EE-9C81-43C6-91E2-F5051D5BCBB9}.Ad-Hoc|iPhoneSimulator.Build.0 = Release|Any CPU
		{783026EE-9C81-43C6-91E2-F5051D5BCBB9}.Ad-Hoc|x64.ActiveCfg = Release|Any CPU
		{783026EE-9C81-43C6-91E2-F5051D5BCBB9}.Ad-Hoc|x64.Build.0 = Release|Any CPU
		{783026EE-9C81-43C6-91E2-F5051D5BCBB9}.Ad-Hoc|x86.ActiveCfg = Release|Any CPU
		{783026EE-9C81-43C6-91E2-F5051D5BCBB9}.Ad-Hoc|x86.Build.0 = Release|Any CPU
		{783026EE-9C81-43C6-91E2-F5051D5BCBB9}.AppStore|Any CPU.ActiveCfg = Release|Any CPU
		{783026EE-9C81-43C6-91E2-F5051D5BCBB9}.AppStore|Any CPU.Build.0 = Release|Any CPU
		{783026EE-9C81-43C6-91E2-F5051D5BCBB9}.AppStore|ARM.ActiveCfg = Release|Any CPU
		{783026EE-9C81-43C6-91E2-F5051D5BCBB9}.AppStore|ARM.Build.0 = Release|Any CPU
		{783026EE-9C81-43C6-91E2-F5051D5BCBB9}.AppStore|iPhone.ActiveCfg = Release|Any CPU
		{783026EE-9C81-43C6-91E2-F5051D5BCBB9}.AppStore|iPhone.Build.0 = Release|Any CPU
		{783026EE-9C81-43C6-91E2-F5051D5BCBB9}.AppStore|iPhoneSimulator.ActiveCfg = Release|Any CPU
		{783026EE-9C81-43C6-91E2-F5051D5BCBB9}.AppStore|iPhoneSimulator.Build.0 = Release|Any CPU
		{783026EE-9C81-43C6-91E2-F5051D5BCBB9}.AppStore|x64.ActiveCfg = Release|Any CPU
		{783026EE-9C81-43C6-91E2-F5051D5BCBB9}.AppStore|x64.Build.0 = Release|Any CPU
		{783026EE-9C81-43C6-91E2-F5051D5BCBB9}.AppStore|x86.ActiveCfg = Release|Any CPU
		{783026EE-9C81-43C6-91E2-F5051D5BCBB9}.AppStore|x86.Build.0 = Release|Any CPU
		{783026EE-9C81-43C6-91E2-F5051D5BCBB9}.Debug|Any CPU.ActiveCfg = Debug|Any CPU
		{783026EE-9C81-43C6-91E2-F5051D5BCBB9}.Debug|Any CPU.Build.0 = Debug|Any CPU
		{783026EE-9C81-43C6-91E2-F5051D5BCBB9}.Debug|ARM.ActiveCfg = Debug|Any CPU
		{783026EE-9C81-43C6-91E2-F5051D5BCBB9}.Debug|ARM.Build.0 = Debug|Any CPU
		{783026EE-9C81-43C6-91E2-F5051D5BCBB9}.Debug|iPhone.ActiveCfg = Debug|Any CPU
		{783026EE-9C81-43C6-91E2-F5051D5BCBB9}.Debug|iPhone.Build.0 = Debug|Any CPU
		{783026EE-9C81-43C6-91E2-F5051D5BCBB9}.Debug|iPhoneSimulator.ActiveCfg = Debug|Any CPU
		{783026EE-9C81-43C6-91E2-F5051D5BCBB9}.Debug|iPhoneSimulator.Build.0 = Debug|Any CPU
		{783026EE-9C81-43C6-91E2-F5051D5BCBB9}.Debug|x64.ActiveCfg = Debug|Any CPU
		{783026EE-9C81-43C6-91E2-F5051D5BCBB9}.Debug|x64.Build.0 = Debug|Any CPU
		{783026EE-9C81-43C6-91E2-F5051D5BCBB9}.Debug|x86.ActiveCfg = Debug|Any CPU
		{783026EE-9C81-43C6-91E2-F5051D5BCBB9}.Debug|x86.Build.0 = Debug|Any CPU
		{783026EE-9C81-43C6-91E2-F5051D5BCBB9}.Release|Any CPU.ActiveCfg = Release|Any CPU
		{783026EE-9C81-43C6-91E2-F5051D5BCBB9}.Release|Any CPU.Build.0 = Release|Any CPU
		{783026EE-9C81-43C6-91E2-F5051D5BCBB9}.Release|ARM.ActiveCfg = Release|Any CPU
		{783026EE-9C81-43C6-91E2-F5051D5BCBB9}.Release|ARM.Build.0 = Release|Any CPU
		{783026EE-9C81-43C6-91E2-F5051D5BCBB9}.Release|iPhone.ActiveCfg = Release|Any CPU
		{783026EE-9C81-43C6-91E2-F5051D5BCBB9}.Release|iPhone.Build.0 = Release|Any CPU
		{783026EE-9C81-43C6-91E2-F5051D5BCBB9}.Release|iPhoneSimulator.ActiveCfg = Release|Any CPU
		{783026EE-9C81-43C6-91E2-F5051D5BCBB9}.Release|iPhoneSimulator.Build.0 = Release|Any CPU
		{783026EE-9C81-43C6-91E2-F5051D5BCBB9}.Release|x64.ActiveCfg = Release|Any CPU
		{783026EE-9C81-43C6-91E2-F5051D5BCBB9}.Release|x64.Build.0 = Release|Any CPU
		{783026EE-9C81-43C6-91E2-F5051D5BCBB9}.Release|x86.ActiveCfg = Release|Any CPU
		{783026EE-9C81-43C6-91E2-F5051D5BCBB9}.Release|x86.Build.0 = Release|Any CPU
		{829E3673-B690-4D71-8DD7-714626B341A6}.Ad-Hoc|Any CPU.ActiveCfg = Release|x86
		{829E3673-B690-4D71-8DD7-714626B341A6}.Ad-Hoc|Any CPU.Build.0 = Release|x86
		{829E3673-B690-4D71-8DD7-714626B341A6}.Ad-Hoc|Any CPU.Deploy.0 = Release|x86
		{829E3673-B690-4D71-8DD7-714626B341A6}.Ad-Hoc|ARM.ActiveCfg = Release|ARM
		{829E3673-B690-4D71-8DD7-714626B341A6}.Ad-Hoc|ARM.Build.0 = Release|ARM
		{829E3673-B690-4D71-8DD7-714626B341A6}.Ad-Hoc|ARM.Deploy.0 = Release|ARM
		{829E3673-B690-4D71-8DD7-714626B341A6}.Ad-Hoc|iPhone.ActiveCfg = Release|x86
		{829E3673-B690-4D71-8DD7-714626B341A6}.Ad-Hoc|iPhone.Build.0 = Release|x86
		{829E3673-B690-4D71-8DD7-714626B341A6}.Ad-Hoc|iPhone.Deploy.0 = Release|x86
		{829E3673-B690-4D71-8DD7-714626B341A6}.Ad-Hoc|iPhoneSimulator.ActiveCfg = Release|x86
		{829E3673-B690-4D71-8DD7-714626B341A6}.Ad-Hoc|iPhoneSimulator.Build.0 = Release|x86
		{829E3673-B690-4D71-8DD7-714626B341A6}.Ad-Hoc|iPhoneSimulator.Deploy.0 = Release|x86
		{829E3673-B690-4D71-8DD7-714626B341A6}.Ad-Hoc|x64.ActiveCfg = Release|x64
		{829E3673-B690-4D71-8DD7-714626B341A6}.Ad-Hoc|x64.Build.0 = Release|x64
		{829E3673-B690-4D71-8DD7-714626B341A6}.Ad-Hoc|x64.Deploy.0 = Release|x64
		{829E3673-B690-4D71-8DD7-714626B341A6}.Ad-Hoc|x86.ActiveCfg = Release|x86
		{829E3673-B690-4D71-8DD7-714626B341A6}.Ad-Hoc|x86.Build.0 = Release|x86
		{829E3673-B690-4D71-8DD7-714626B341A6}.Ad-Hoc|x86.Deploy.0 = Release|x86
		{829E3673-B690-4D71-8DD7-714626B341A6}.AppStore|Any CPU.ActiveCfg = Release|x86
		{829E3673-B690-4D71-8DD7-714626B341A6}.AppStore|Any CPU.Build.0 = Release|x86
		{829E3673-B690-4D71-8DD7-714626B341A6}.AppStore|Any CPU.Deploy.0 = Release|x86
		{829E3673-B690-4D71-8DD7-714626B341A6}.AppStore|ARM.ActiveCfg = Release|ARM
		{829E3673-B690-4D71-8DD7-714626B341A6}.AppStore|ARM.Build.0 = Release|ARM
		{829E3673-B690-4D71-8DD7-714626B341A6}.AppStore|ARM.Deploy.0 = Release|ARM
		{829E3673-B690-4D71-8DD7-714626B341A6}.AppStore|iPhone.ActiveCfg = Release|x86
		{829E3673-B690-4D71-8DD7-714626B341A6}.AppStore|iPhone.Build.0 = Release|x86
		{829E3673-B690-4D71-8DD7-714626B341A6}.AppStore|iPhone.Deploy.0 = Release|x86
		{829E3673-B690-4D71-8DD7-714626B341A6}.AppStore|iPhoneSimulator.ActiveCfg = Release|x86
		{829E3673-B690-4D71-8DD7-714626B341A6}.AppStore|iPhoneSimulator.Build.0 = Release|x86
		{829E3673-B690-4D71-8DD7-714626B341A6}.AppStore|iPhoneSimulator.Deploy.0 = Release|x86
		{829E3673-B690-4D71-8DD7-714626B341A6}.AppStore|x64.ActiveCfg = Release|x64
		{829E3673-B690-4D71-8DD7-714626B341A6}.AppStore|x64.Build.0 = Release|x64
		{829E3673-B690-4D71-8DD7-714626B341A6}.AppStore|x64.Deploy.0 = Release|x64
		{829E3673-B690-4D71-8DD7-714626B341A6}.AppStore|x86.ActiveCfg = Release|x86
		{829E3673-B690-4D71-8DD7-714626B341A6}.AppStore|x86.Build.0 = Release|x86
		{829E3673-B690-4D71-8DD7-714626B341A6}.AppStore|x86.Deploy.0 = Release|x86
		{829E3673-B690-4D71-8DD7-714626B341A6}.Debug|Any CPU.ActiveCfg = Debug|x86
		{829E3673-B690-4D71-8DD7-714626B341A6}.Debug|ARM.ActiveCfg = Debug|ARM
		{829E3673-B690-4D71-8DD7-714626B341A6}.Debug|ARM.Build.0 = Debug|ARM
		{829E3673-B690-4D71-8DD7-714626B341A6}.Debug|ARM.Deploy.0 = Debug|ARM
		{829E3673-B690-4D71-8DD7-714626B341A6}.Debug|iPhone.ActiveCfg = Debug|x86
		{829E3673-B690-4D71-8DD7-714626B341A6}.Debug|iPhoneSimulator.ActiveCfg = Debug|x86
		{829E3673-B690-4D71-8DD7-714626B341A6}.Debug|x64.ActiveCfg = Debug|x64
		{829E3673-B690-4D71-8DD7-714626B341A6}.Debug|x64.Build.0 = Debug|x64
		{829E3673-B690-4D71-8DD7-714626B341A6}.Debug|x64.Deploy.0 = Debug|x64
		{829E3673-B690-4D71-8DD7-714626B341A6}.Debug|x86.ActiveCfg = Debug|x86
		{829E3673-B690-4D71-8DD7-714626B341A6}.Debug|x86.Build.0 = Debug|x86
		{829E3673-B690-4D71-8DD7-714626B341A6}.Debug|x86.Deploy.0 = Debug|x86
		{829E3673-B690-4D71-8DD7-714626B341A6}.Release|Any CPU.ActiveCfg = Release|x86
		{829E3673-B690-4D71-8DD7-714626B341A6}.Release|ARM.ActiveCfg = Release|ARM
		{829E3673-B690-4D71-8DD7-714626B341A6}.Release|ARM.Build.0 = Release|ARM
		{829E3673-B690-4D71-8DD7-714626B341A6}.Release|ARM.Deploy.0 = Release|ARM
		{829E3673-B690-4D71-8DD7-714626B341A6}.Release|iPhone.ActiveCfg = Release|x86
		{829E3673-B690-4D71-8DD7-714626B341A6}.Release|iPhoneSimulator.ActiveCfg = Release|x86
		{829E3673-B690-4D71-8DD7-714626B341A6}.Release|x64.ActiveCfg = Release|x64
		{829E3673-B690-4D71-8DD7-714626B341A6}.Release|x64.Build.0 = Release|x64
		{829E3673-B690-4D71-8DD7-714626B341A6}.Release|x64.Deploy.0 = Release|x64
		{829E3673-B690-4D71-8DD7-714626B341A6}.Release|x86.ActiveCfg = Release|x86
		{829E3673-B690-4D71-8DD7-714626B341A6}.Release|x86.Build.0 = Release|x86
		{829E3673-B690-4D71-8DD7-714626B341A6}.Release|x86.Deploy.0 = Release|x86
		{C09D533A-E969-4EB5-A7D8-B9ED2F83CC1E}.Ad-Hoc|Any CPU.ActiveCfg = Ad-Hoc|iPhone
		{C09D533A-E969-4EB5-A7D8-B9ED2F83CC1E}.Ad-Hoc|ARM.ActiveCfg = Ad-Hoc|iPhone
		{C09D533A-E969-4EB5-A7D8-B9ED2F83CC1E}.Ad-Hoc|iPhone.ActiveCfg = Ad-Hoc|iPhone
		{C09D533A-E969-4EB5-A7D8-B9ED2F83CC1E}.Ad-Hoc|iPhone.Build.0 = Ad-Hoc|iPhone
		{C09D533A-E969-4EB5-A7D8-B9ED2F83CC1E}.Ad-Hoc|iPhoneSimulator.ActiveCfg = Ad-Hoc|iPhoneSimulator
		{C09D533A-E969-4EB5-A7D8-B9ED2F83CC1E}.Ad-Hoc|iPhoneSimulator.Build.0 = Ad-Hoc|iPhoneSimulator
		{C09D533A-E969-4EB5-A7D8-B9ED2F83CC1E}.Ad-Hoc|x64.ActiveCfg = Ad-Hoc|iPhone
		{C09D533A-E969-4EB5-A7D8-B9ED2F83CC1E}.Ad-Hoc|x86.ActiveCfg = Ad-Hoc|iPhone
		{C09D533A-E969-4EB5-A7D8-B9ED2F83CC1E}.AppStore|Any CPU.ActiveCfg = AppStore|iPhone
		{C09D533A-E969-4EB5-A7D8-B9ED2F83CC1E}.AppStore|ARM.ActiveCfg = AppStore|iPhone
		{C09D533A-E969-4EB5-A7D8-B9ED2F83CC1E}.AppStore|iPhone.ActiveCfg = AppStore|iPhone
		{C09D533A-E969-4EB5-A7D8-B9ED2F83CC1E}.AppStore|iPhone.Build.0 = AppStore|iPhone
		{C09D533A-E969-4EB5-A7D8-B9ED2F83CC1E}.AppStore|iPhoneSimulator.ActiveCfg = AppStore|iPhoneSimulator
		{C09D533A-E969-4EB5-A7D8-B9ED2F83CC1E}.AppStore|iPhoneSimulator.Build.0 = AppStore|iPhoneSimulator
		{C09D533A-E969-4EB5-A7D8-B9ED2F83CC1E}.AppStore|x64.ActiveCfg = AppStore|iPhone
		{C09D533A-E969-4EB5-A7D8-B9ED2F83CC1E}.AppStore|x86.ActiveCfg = AppStore|iPhone
		{C09D533A-E969-4EB5-A7D8-B9ED2F83CC1E}.Debug|Any CPU.ActiveCfg = Debug|iPhone
		{C09D533A-E969-4EB5-A7D8-B9ED2F83CC1E}.Debug|ARM.ActiveCfg = Debug|iPhone
		{C09D533A-E969-4EB5-A7D8-B9ED2F83CC1E}.Debug|iPhone.ActiveCfg = Debug|iPhone
		{C09D533A-E969-4EB5-A7D8-B9ED2F83CC1E}.Debug|iPhone.Build.0 = Debug|iPhone
		{C09D533A-E969-4EB5-A7D8-B9ED2F83CC1E}.Debug|iPhoneSimulator.ActiveCfg = Debug|iPhoneSimulator
		{C09D533A-E969-4EB5-A7D8-B9ED2F83CC1E}.Debug|iPhoneSimulator.Build.0 = Debug|iPhoneSimulator
		{C09D533A-E969-4EB5-A7D8-B9ED2F83CC1E}.Debug|x64.ActiveCfg = Debug|iPhone
		{C09D533A-E969-4EB5-A7D8-B9ED2F83CC1E}.Debug|x86.ActiveCfg = Debug|iPhone
		{C09D533A-E969-4EB5-A7D8-B9ED2F83CC1E}.Release|Any CPU.ActiveCfg = Release|iPhone
		{C09D533A-E969-4EB5-A7D8-B9ED2F83CC1E}.Release|ARM.ActiveCfg = Release|iPhone
		{C09D533A-E969-4EB5-A7D8-B9ED2F83CC1E}.Release|iPhone.ActiveCfg = Release|iPhone
		{C09D533A-E969-4EB5-A7D8-B9ED2F83CC1E}.Release|iPhone.Build.0 = Release|iPhone
		{C09D533A-E969-4EB5-A7D8-B9ED2F83CC1E}.Release|iPhoneSimulator.ActiveCfg = Release|iPhoneSimulator
		{C09D533A-E969-4EB5-A7D8-B9ED2F83CC1E}.Release|iPhoneSimulator.Build.0 = Release|iPhoneSimulator
		{C09D533A-E969-4EB5-A7D8-B9ED2F83CC1E}.Release|x64.ActiveCfg = Release|iPhone
		{C09D533A-E969-4EB5-A7D8-B9ED2F83CC1E}.Release|x86.ActiveCfg = Release|iPhone
	EndGlobalSection
	GlobalSection(SolutionProperties) = preSolution
		HideSolutionNode = FALSE
	EndGlobalSection
	GlobalSection(ExtensibilityGlobals) = postSolution
		SolutionGuid = {A0BEE9F6-59A6-4839-846F-104F5A0293C8}
	EndGlobalSection
	GlobalSection(TeamFoundationVersionControl) = preSolution
		SccNumberOfProjects = 5
		SccEnterpriseProvider = {4CA58AB2-18FA-4F8D-95D4-32DDF27D184C}
		SccTeamFoundationServer = https://kreatif-xamarin.visualstudio.com/
		SccLocalPath0 = .
		SccProjectUniqueName1 = KGVC\\KGVC.Android\\KGVC.Android.csproj
		SccProjectName1 = KGVC/KGVC.Android
		SccLocalPath1 = KGVC\\KGVC.Android
		SccProjectUniqueName2 = KGVC\\KGVC.iOS\\KGVC.iOS.csproj
		SccProjectName2 = KGVC/KGVC.iOS
		SccLocalPath2 = KGVC\\KGVC.iOS
		SccProjectUniqueName3 = KGVC\\KGVC.UWP\\KGVC.UWP.csproj
		SccProjectName3 = KGVC/KGVC.UWP
		SccLocalPath3 = KGVC\\KGVC.UWP
		SccProjectUniqueName4 = KGVC\\KGVC\\KGVC.csproj
		SccProjectName4 = KGVC/KGVC
		SccLocalPath4 = KGVC\\KGVC
	EndGlobalSection
EndGlobal
